
Microsoft Visual Studio Solution File, Format Version 12.00
# Visual Studio Version 17
VisualStudioVersion = 17.9.34728.123
MinimumVisualStudioVersion = 10.0.40219.1
Project("{FAE04EC0-301F-11D3-BF4B-00C04F79EFBC}") = "MapEditor", "MapEditor.csproj", "{880E7D81-28FC-490E-9EF8-94F8C85684C5}"
EndProject
Global
	GlobalSection(SolutionConfigurationPlatforms) = preSolution
		Debug|Any CPU = Debug|Any CPU
		Release|Any CPU = Release|Any CPU
	EndGlobalSection
	GlobalSection(ProjectConfigurationPlatforms) = postSolution
		{880E7D81-28FC-490E-9EF8-94F8C85684C5}.Debug|Any CPU.ActiveCfg = Debug|Any CPU
		{880E7D81-28FC-490E-9EF8-94F8C85684C5}.Debug|Any CPU.Build.0 = Debug|Any CPU
		{880E7D81-28FC-490E-9EF8-94F8C85684C5}.Release|Any CPU.ActiveCfg = Release|Any CPU
		{880E7D81-28FC-490E-9EF8-94F8C85684C5}.Release|Any CPU.Build.0 = Release|Any CPU
	EndGlobalSection
	GlobalSection(SolutionProperties) = preSolution
		HideSolutionNode = FALSE
	EndGlobalSection
	GlobalSection(ExtensibilityGlobals) = postSolution
		SolutionGuid = {CF99632C-9C01-43F0-A3A0-F2AC31538F0D}
	EndGlobalSection
EndGlobal
